
Microsoft Visual Studio Solution File, Format Version 12.00
# Visual Studio Version 17
VisualStudioVersion = 17.6.33712.159
MinimumVisualStudioVersion = 10.0.40219.1
Project("{9A19103F-16F7-4668-BE54-9A1E7A4F7556}") = "EasyCash.EntityLayer", "EasyCash.EntityLayer\EasyCash.EntityLayer.csproj", "{D09BBC08-7D10-454E-9830-74CB3C3F1FF8}"
EndProject
Project("{9A19103F-16F7-4668-BE54-9A1E7A4F7556}") = "EasyCash.DataAccessLayer", "EasyCash.DataAccess\EasyCash.DataAccessLayer.csproj", "{5EA9B8BA-2298-49F2-B5F7-6C1B6F1C0B72}"
EndProject
Project("{9A19103F-16F7-4668-BE54-9A1E7A4F7556}") = "EasyCash.BusinessLayer", "EasyCash.BusinessLayer\EasyCash.BusinessLayer.csproj", "{8A222BC4-EBEC-4824-9F06-6E0EB499CB48}"
EndProject
Project("{9A19103F-16F7-4668-BE54-9A1E7A4F7556}") = "EasyCash.DtoLayer", "EasyCash.DtoLayer\EasyCash.DtoLayer.csproj", "{9B15F066-F04F-4F1D-BBBA-89E31BFD9049}"
EndProject
Project("{9A19103F-16F7-4668-BE54-9A1E7A4F7556}") = "EasyCash.PresentationLayer", "EasyCash.PresentationLayer\EasyCash.PresentationLayer.csproj", "{1D285DDB-01C8-43D1-A653-4D7BACF192B9}"
EndProject
Project("{2150E333-8FDC-42A3-9474-1A3956D46DE8}") = "ToDo", "ToDo", "{39775817-66BC-46B3-B768-7EC5B8B8AB3C}"
	ProjectSection(SolutionItems) = preProject
		Commits.txt = Commits.txt
	EndProjectSection
EndProject
Global
	GlobalSection(SolutionConfigurationPlatforms) = preSolution
		Debug|Any CPU = Debug|Any CPU
		Release|Any CPU = Release|Any CPU
	EndGlobalSection
	GlobalSection(ProjectConfigurationPlatforms) = postSolution
		{D09BBC08-7D10-454E-9830-74CB3C3F1FF8}.Debug|Any CPU.ActiveCfg = Debug|Any CPU
		{D09BBC08-7D10-454E-9830-74CB3C3F1FF8}.Debug|Any CPU.Build.0 = Debug|Any CPU
		{D09BBC08-7D10-454E-9830-74CB3C3F1FF8}.Release|Any CPU.ActiveCfg = Release|Any CPU
		{D09BBC08-7D10-454E-9830-74CB3C3F1FF8}.Release|Any CPU.Build.0 = Release|Any CPU
		{5EA9B8BA-2298-49F2-B5F7-6C1B6F1C0B72}.Debug|Any CPU.ActiveCfg = Debug|Any CPU
		{5EA9B8BA-2298-49F2-B5F7-6C1B6F1C0B72}.Debug|Any CPU.Build.0 = Debug|Any CPU
		{5EA9B8BA-2298-49F2-B5F7-6C1B6F1C0B72}.Release|Any CPU.ActiveCfg = Release|Any CPU
		{5EA9B8BA-2298-49F2-B5F7-6C1B6F1C0B72}.Release|Any CPU.Build.0 = Release|Any CPU
		{8A222BC4-EBEC-4824-9F06-6E0EB499CB48}.Debug|Any CPU.ActiveCfg = Debug|Any CPU
		{8A222BC4-EBEC-4824-9F06-6E0EB499CB48}.Debug|Any CPU.Build.0 = Debug|Any CPU
		{8A222BC4-EBEC-4824-9F06-6E0EB499CB48}.Release|Any CPU.ActiveCfg = Release|Any CPU
		{8A222BC4-EBEC-4824-9F06-6E0EB499CB48}.Release|Any CPU.Build.0 = Release|Any CPU
		{9B15F066-F04F-4F1D-BBBA-89E31BFD9049}.Debug|Any CPU.ActiveCfg = Debug|Any CPU
		{9B15F066-F04F-4F1D-BBBA-89E31BFD9049}.Debug|Any CPU.Build.0 = Debug|Any CPU
		{9B15F066-F04F-4F1D-BBBA-89E31BFD9049}.Release|Any CPU.ActiveCfg = Release|Any CPU
		{9B15F066-F04F-4F1D-BBBA-89E31BFD9049}.Release|Any CPU.Build.0 = Release|Any CPU
		{1D285DDB-01C8-43D1-A653-4D7BACF192B9}.Debug|Any CPU.ActiveCfg = Debug|Any CPU
		{1D285DDB-01C8-43D1-A653-4D7BACF192B9}.Debug|Any CPU.Build.0 = Debug|Any CPU
		{1D285DDB-01C8-43D1-A653-4D7BACF192B9}.Release|Any CPU.ActiveCfg = Release|Any CPU
		{1D285DDB-01C8-43D1-A653-4D7BACF192B9}.Release|Any CPU.Build.0 = Release|Any CPU
	EndGlobalSection
	GlobalSection(SolutionProperties) = preSolution
		HideSolutionNode = FALSE
	EndGlobalSection
	GlobalSection(ExtensibilityGlobals) = postSolution
		SolutionGuid = {645A728A-CFF1-4C80-B9F2-55C509ACDFE1}
	EndGlobalSection
EndGlobal
